
Microsoft Visual Studio Solution File, Format Version 12.00
# Visual Studio Version 17
VisualStudioVersion = 17.1.32210.238
MinimumVisualStudioVersion = 10.0.40219.1
Project("{9A19103F-16F7-4668-BE54-9A1E7A4F7556}") = "ASP_NET_MVC_GB", "ASP_NET_MVC_GB\ASP_NET_MVC_GB.csproj", "{B6CD6CFF-F3D5-4012-AF06-F9ED1B6C89D3}"
EndProject
Project("{9A19103F-16F7-4668-BE54-9A1E7A4F7556}") = "TestWPF", "Tests\TestWPF\TestWPF.csproj", "{82EDD9AF-FADD-4B24-B0E0-5D232AF46BF8}"
EndProject
Project("{FAE04EC0-301F-11D3-BF4B-00C04F79EFBC}") = "TestConsoleApps", "TestConsoleApps\TestConsoleApps.csproj", "{716E3F82-6872-4F02-9745-46D69FBBB5E3}"
EndProject
Project("{FAE04EC0-301F-11D3-BF4B-00C04F79EFBC}") = "AutofacTests", "AutofacTests\AutofacTests\AutofacTests.csproj", "{0F1CE24F-C24B-43DF-B6B3-373659618663}"
EndProject
Global
	GlobalSection(SolutionConfigurationPlatforms) = preSolution
		Debug|Any CPU = Debug|Any CPU
		Release|Any CPU = Release|Any CPU
	EndGlobalSection
	GlobalSection(ProjectConfigurationPlatforms) = postSolution
		{B6CD6CFF-F3D5-4012-AF06-F9ED1B6C89D3}.Debug|Any CPU.ActiveCfg = Debug|Any CPU
		{B6CD6CFF-F3D5-4012-AF06-F9ED1B6C89D3}.Debug|Any CPU.Build.0 = Debug|Any CPU
		{B6CD6CFF-F3D5-4012-AF06-F9ED1B6C89D3}.Release|Any CPU.ActiveCfg = Release|Any CPU
		{B6CD6CFF-F3D5-4012-AF06-F9ED1B6C89D3}.Release|Any CPU.Build.0 = Release|Any CPU
		{82EDD9AF-FADD-4B24-B0E0-5D232AF46BF8}.Debug|Any CPU.ActiveCfg = Debug|Any CPU
		{82EDD9AF-FADD-4B24-B0E0-5D232AF46BF8}.Debug|Any CPU.Build.0 = Debug|Any CPU
		{82EDD9AF-FADD-4B24-B0E0-5D232AF46BF8}.Release|Any CPU.ActiveCfg = Release|Any CPU
		{82EDD9AF-FADD-4B24-B0E0-5D232AF46BF8}.Release|Any CPU.Build.0 = Release|Any CPU
		{716E3F82-6872-4F02-9745-46D69FBBB5E3}.Debug|Any CPU.ActiveCfg = Debug|Any CPU
		{716E3F82-6872-4F02-9745-46D69FBBB5E3}.Debug|Any CPU.Build.0 = Debug|Any CPU
		{716E3F82-6872-4F02-9745-46D69FBBB5E3}.Release|Any CPU.ActiveCfg = Release|Any CPU
		{716E3F82-6872-4F02-9745-46D69FBBB5E3}.Release|Any CPU.Build.0 = Release|Any CPU
		{0F1CE24F-C24B-43DF-B6B3-373659618663}.Debug|Any CPU.ActiveCfg = Debug|Any CPU
		{0F1CE24F-C24B-43DF-B6B3-373659618663}.Debug|Any CPU.Build.0 = Debug|Any CPU
		{0F1CE24F-C24B-43DF-B6B3-373659618663}.Release|Any CPU.ActiveCfg = Release|Any CPU
		{0F1CE24F-C24B-43DF-B6B3-373659618663}.Release|Any CPU.Build.0 = Release|Any CPU
	EndGlobalSection
	GlobalSection(SolutionProperties) = preSolution
		HideSolutionNode = FALSE
	EndGlobalSection
	GlobalSection(ExtensibilityGlobals) = postSolution
		SolutionGuid = {0E330ADC-E55E-44C4-A9EA-35D5E34396C7}
	EndGlobalSection
EndGlobal
